
Microsoft Visual Studio Solution File, Format Version 12.00
# Visual Studio Version 16
VisualStudioVersion = 16.0.31624.102
MinimumVisualStudioVersion = 10.0.40219.1
Project("{FAE04EC0-301F-11D3-BF4B-00C04F79EFBC}") = "proga1103", "proga1103\proga1103.csproj", "{51866F0D-8BC8-4FE8-8195-6436B63164AA}"
EndProject
Global
	GlobalSection(SolutionConfigurationPlatforms) = preSolution
		Debug|Any CPU = Debug|Any CPU
		Release|Any CPU = Release|Any CPU
	EndGlobalSection
	GlobalSection(ProjectConfigurationPlatforms) = postSolution
		{51866F0D-8BC8-4FE8-8195-6436B63164AA}.Debug|Any CPU.ActiveCfg = Debug|Any CPU
		{51866F0D-8BC8-4FE8-8195-6436B63164AA}.Debug|Any CPU.Build.0 = Debug|Any CPU
		{51866F0D-8BC8-4FE8-8195-6436B63164AA}.Release|Any CPU.ActiveCfg = Release|Any CPU
		{51866F0D-8BC8-4FE8-8195-6436B63164AA}.Release|Any CPU.Build.0 = Release|Any CPU
	EndGlobalSection
	GlobalSection(SolutionProperties) = preSolution
		HideSolutionNode = FALSE
	EndGlobalSection
	GlobalSection(ExtensibilityGlobals) = postSolution
		SolutionGuid = {D4EB69DD-4A64-42C6-8D49-5FE9623F7924}
	EndGlobalSection
EndGlobal
